
Microsoft Visual Studio Solution File, Format Version 12.00
# Visual Studio 15
VisualStudioVersion = 15.0.27130.2036
MinimumVisualStudioVersion = 10.0.40219.1
Project("{FAE04EC0-301F-11D3-BF4B-00C04F79EFBC}") = "ComicBookGallery", "ComicBookGallery\ComicBookGallery.csproj", "{54F8C0BA-DE54-470A-9A48-151C28798BA0}"
EndProject
Global
	GlobalSection(SolutionConfigurationPlatforms) = preSolution
		Debug|Any CPU = Debug|Any CPU
		Release|Any CPU = Release|Any CPU
	EndGlobalSection
	GlobalSection(ProjectConfigurationPlatforms) = postSolution
		{54F8C0BA-DE54-470A-9A48-151C28798BA0}.Debug|Any CPU.ActiveCfg = Debug|Any CPU
		{54F8C0BA-DE54-470A-9A48-151C28798BA0}.Debug|Any CPU.Build.0 = Debug|Any CPU
		{54F8C0BA-DE54-470A-9A48-151C28798BA0}.Release|Any CPU.ActiveCfg = Release|Any CPU
		{54F8C0BA-DE54-470A-9A48-151C28798BA0}.Release|Any CPU.Build.0 = Release|Any CPU
	EndGlobalSection
	GlobalSection(SolutionProperties) = preSolution
		HideSolutionNode = FALSE
	EndGlobalSection
	GlobalSection(ExtensibilityGlobals) = postSolution
		SolutionGuid = {E96B8D3A-69A9-4582-9F6B-40F2EE793D27}
	EndGlobalSection
EndGlobal
